
Microsoft Visual Studio Solution File, Format Version 12.00
# Visual Studio Version 17
VisualStudioVersion = 17.1.32319.34
MinimumVisualStudioVersion = 10.0.40219.1
Project("{FAE04EC0-301F-11D3-BF4B-00C04F79EFBC}") = "GitHub.Client", "GitHub.Client\GitHub.Client.csproj", "{4636241B-23C3-4D11-971C-2AB142092616}"
EndProject
Global
	GlobalSection(SolutionConfigurationPlatforms) = preSolution
		Debug|Any CPU = Debug|Any CPU
		Release|Any CPU = Release|Any CPU
	EndGlobalSection
	GlobalSection(ProjectConfigurationPlatforms) = postSolution
		{4636241B-23C3-4D11-971C-2AB142092616}.Debug|Any CPU.ActiveCfg = Debug|Any CPU
		{4636241B-23C3-4D11-971C-2AB142092616}.Debug|Any CPU.Build.0 = Debug|Any CPU
		{4636241B-23C3-4D11-971C-2AB142092616}.Release|Any CPU.ActiveCfg = Release|Any CPU
		{4636241B-23C3-4D11-971C-2AB142092616}.Release|Any CPU.Build.0 = Release|Any CPU
	EndGlobalSection
	GlobalSection(SolutionProperties) = preSolution
		HideSolutionNode = FALSE
	EndGlobalSection
	GlobalSection(ExtensibilityGlobals) = postSolution
		SolutionGuid = {D85D07C1-64E7-4A35-AEDF-326932971707}
	EndGlobalSection
EndGlobal
